
Microsoft Visual Studio Solution File, Format Version 12.00
# Visual Studio Version 17
VisualStudioVersion = 17.6.33723.286
MinimumVisualStudioVersion = 10.0.40219.1
Project("{9A19103F-16F7-4668-BE54-9A1E7A4F7556}") = "AppliedTax", "AppliedTax\AppliedTax.csproj", "{08466021-4EC5-4D27-B948-DE14E8C33782}"
EndProject
Project("{9A19103F-16F7-4668-BE54-9A1E7A4F7556}") = "AppReportClass", "AppReporting\AppReportClass.csproj", "{32CF9953-E9AD-49FB-9584-FD9944C764A0}"
EndProject
Global
	GlobalSection(SolutionConfigurationPlatforms) = preSolution
		Debug|Any CPU = Debug|Any CPU
		Release|Any CPU = Release|Any CPU
	EndGlobalSection
	GlobalSection(ProjectConfigurationPlatforms) = postSolution
		{08466021-4EC5-4D27-B948-DE14E8C33782}.Debug|Any CPU.ActiveCfg = Debug|Any CPU
		{08466021-4EC5-4D27-B948-DE14E8C33782}.Debug|Any CPU.Build.0 = Debug|Any CPU
		{08466021-4EC5-4D27-B948-DE14E8C33782}.Release|Any CPU.ActiveCfg = Release|Any CPU
		{08466021-4EC5-4D27-B948-DE14E8C33782}.Release|Any CPU.Build.0 = Release|Any CPU
		{32CF9953-E9AD-49FB-9584-FD9944C764A0}.Debug|Any CPU.ActiveCfg = Debug|Any CPU
		{32CF9953-E9AD-49FB-9584-FD9944C764A0}.Debug|Any CPU.Build.0 = Debug|Any CPU
		{32CF9953-E9AD-49FB-9584-FD9944C764A0}.Release|Any CPU.ActiveCfg = Release|Any CPU
		{32CF9953-E9AD-49FB-9584-FD9944C764A0}.Release|Any CPU.Build.0 = Release|Any CPU
	EndGlobalSection
	GlobalSection(SolutionProperties) = preSolution
		HideSolutionNode = FALSE
	EndGlobalSection
	GlobalSection(ExtensibilityGlobals) = postSolution
		SolutionGuid = {B75BB44B-CD8D-4A55-B664-986D5EBB5365}
	EndGlobalSection
EndGlobal
